{
  "name": "firewall-mon",
  "lockfileVersion": 3,
  "requires": true,
  "packages": {
    "": {
      "name": "firewall-mon",
      "dependencies": {
        "tailwindcss": "^4.3.2"
      }
    },
    "node_modules/tailwindcss": {
      "version": "4.3.2",
      "resolved": "https://registry.npmjs.org/tailwindcss/-/tailwindcss-4.3.2.tgz",
      "integrity": "sha512-WtctNNSH8A9jlMIqxzuYumOHU5uGZyRv0Q5svQl+oEPy5w84YpBxdb7MdqyiSPQge5jTJ6zFQLq0PFygdccSBA==",
      "license": "MIT"
    }
  }
}
